
Microsoft Visual Studio Solution File, Format Version 12.00
# Visual Studio Version 17
VisualStudioVersion = 17.8.34511.84
MinimumVisualStudioVersion = 10.0.40219.1
Project("{FAE04EC0-301F-11D3-BF4B-00C04F79EFBC}") = "Desafios04_JsonSerializer", "Desafios04_JsonSerializer\Desafios04_JsonSerializer.csproj", "{BEAACC29-025E-4DEB-9BBA-50EBB4970F03}"
EndProject
Global
	GlobalSection(SolutionConfigurationPlatforms) = preSolution
		Debug|Any CPU = Debug|Any CPU
		Release|Any CPU = Release|Any CPU
	EndGlobalSection
	GlobalSection(ProjectConfigurationPlatforms) = postSolution
		{BEAACC29-025E-4DEB-9BBA-50EBB4970F03}.Debug|Any CPU.ActiveCfg = Debug|Any CPU
		{BEAACC29-025E-4DEB-9BBA-50EBB4970F03}.Debug|Any CPU.Build.0 = Debug|Any CPU
		{BEAACC29-025E-4DEB-9BBA-50EBB4970F03}.Release|Any CPU.ActiveCfg = Release|Any CPU
		{BEAACC29-025E-4DEB-9BBA-50EBB4970F03}.Release|Any CPU.Build.0 = Release|Any CPU
	EndGlobalSection
	GlobalSection(SolutionProperties) = preSolution
		HideSolutionNode = FALSE
	EndGlobalSection
	GlobalSection(ExtensibilityGlobals) = postSolution
		SolutionGuid = {73CC0973-6491-447F-B9B9-B40337B4B862}
	EndGlobalSection
EndGlobal
